
Microsoft Visual Studio Solution File, Format Version 12.00
# Visual Studio Version 16
VisualStudioVersion = 16.0.29613.14
MinimumVisualStudioVersion = 10.0.40219.1
Project("{FAE04EC0-301F-11D3-BF4B-00C04F79EFBC}") = "socom 2 Discord Presence", "socom 2 Discord Presence\socom 2 Discord Presence.csproj", "{8E537E74-EAF7-4A75-AD6F-409596154CA5}"
EndProject
Global
	GlobalSection(SolutionConfigurationPlatforms) = preSolution
		Debug|Any CPU = Debug|Any CPU
		Release|Any CPU = Release|Any CPU
	EndGlobalSection
	GlobalSection(ProjectConfigurationPlatforms) = postSolution
		{8E537E74-EAF7-4A75-AD6F-409596154CA5}.Debug|Any CPU.ActiveCfg = Debug|Any CPU
		{8E537E74-EAF7-4A75-AD6F-409596154CA5}.Debug|Any CPU.Build.0 = Debug|Any CPU
		{8E537E74-EAF7-4A75-AD6F-409596154CA5}.Release|Any CPU.ActiveCfg = Release|Any CPU
		{8E537E74-EAF7-4A75-AD6F-409596154CA5}.Release|Any CPU.Build.0 = Release|Any CPU
	EndGlobalSection
	GlobalSection(SolutionProperties) = preSolution
		HideSolutionNode = FALSE
	EndGlobalSection
	GlobalSection(ExtensibilityGlobals) = postSolution
		SolutionGuid = {7370279A-E197-417C-B4B4-26A3DAEB04BE}
	EndGlobalSection
EndGlobal
